{
  "name": "thingproxy.freeboard.io",
  "version": "0.0.1",
  "lockfileVersion": 2,
  "requires": true,
  "packages": {
    "": {
      "name": "thingproxy.freeboard.io",
      "version": "0.0.1",
      "license": "MIT",
      "dependencies": {
        "public-address": "^0.1.1",
        "request": "2.40.0",
        "tokenthrottle": "1.1.0"
      }
    },
    "node_modules/asn1": {
      "version": "0.1.11",
      "resolved": "http://51.68.226.69:4873/asn1/-/asn1-0.1.11.tgz",
      "integrity": "sha1-VZvhg3bQik7E2+gId9J4GGObLfc=",
      "optional": true,
      "engines": {
        "node": ">=0.4.9"
      }
    },
    "node_modules/assert-plus": {
      "version": "0.1.5",
      "resolved": "http://51.68.226.69:4873/assert-plus/-/assert-plus-0.1.5.tgz",
      "integrity": "sha1-7nQAlBMALYTOxyGcasgRgS5yMWA=",
      "engines": {
        "node": ">=0.8"
      }
    },
    "node_modules/async": {
      "version": "0.9.2",
      "resolved": "http://51.68.226.69:4873/async/-/async-0.9.2.tgz",
      "integrity": "sha1-rqdNXmHB+JlhO/ZL2mbUx48v0X0=",
      "license": "MIT",
      "optional": true
    },
    "node_modules/aws-sign2": {
      "version": "0.5.0",
      "resolved": "http://51.68.226.69:4873/aws-sign2/-/aws-sign2-0.5.0.tgz",
      "integrity": "sha1-xXED96F/wDfwLXwuZLYC6iI/fWM=",
      "optional": true,
      "engines": {
        "node": "*"
      }
    },
    "node_modules/boom": {
      "version": "0.4.2",
      "resolved": "http://51.68.226.69:4873/boom/-/boom-0.4.2.tgz",
      "integrity": "sha1-emNune1O/O+xnO9JR6PGffrukRs=",
      "optional": true,
      "dependencies": {
        "hoek": "0.9.x"
      },
      "engines": {
        "node": ">=0.8.0"
      }
    },
    "node_modules/combined-stream": {
      "version": "0.0.7",
      "resolved": "http://51.68.226.69:4873/combined-stream/-/combined-stream-0.0.7.tgz",
      "integrity": "sha1-ATfmV7qlp1QcV6w3rF/AfXO03B8=",
      "optional": true,
      "dependencies": {
        "delayed-stream": "0.0.5"
      },
      "engines": {
        "node": ">= 0.8"
      }
    },
    "node_modules/cryptiles": {
      "version": "0.2.2",
      "resolved": "http://51.68.226.69:4873/cryptiles/-/cryptiles-0.2.2.tgz",
      "integrity": "sha1-7ZH/HxetE9N0gohZT4pIoNJvMlw=",
      "optional": true,
      "dependencies": {
        "boom": "0.4.x"
      },
      "engines": {
        "node": ">=0.8.0"
      }
    },
    "node_modules/ctype": {
      "version": "0.5.3",
      "resolved": "http://51.68.226.69:4873/ctype/-/ctype-0.5.3.tgz",
      "integrity": "sha1-gsGMJGH3QRTvFsE1IkrQuRRMoS8=",
      "optional": true,
      "engines": {
        "node": ">= 0.4"
      }
    },
    "node_modules/delayed-stream": {
      "version": "0.0.5",
      "resolved": "http://51.68.226.69:4873/delayed-stream/-/delayed-stream-0.0.5.tgz",
      "integrity": "sha1-1LH0OpPoKW3+AmlPRoC8N6MTxz8=",
      "optional": true,
      "engines": {
        "node": ">=0.4.0"
      }
    },
    "node_modules/forever-agent": {
      "version": "0.5.2",
      "resolved": "http://51.68.226.69:4873/forever-agent/-/forever-agent-0.5.2.tgz",
      "integrity": "sha1-bQ4JxJIflKJ/Y9O0nF/v8epMUTA=",
      "engines": {
        "node": "*"
      }
    },
    "node_modules/form-data": {
      "version": "0.1.4",
      "resolved": "http://51.68.226.69:4873/form-data/-/form-data-0.1.4.tgz",
      "integrity": "sha1-kavXiKupcCsaq/qLwBAxoqyeOxI=",
      "optional": true,
      "dependencies": {
        "async": "~0.9.0",
        "combined-stream": "~0.0.4",
        "mime": "~1.2.11"
      },
      "engines": {
        "node": ">= 0.8"
      }
    },
    "node_modules/hawk": {
      "version": "1.1.1",
      "resolved": "http://51.68.226.69:4873/hawk/-/hawk-1.1.1.tgz",
      "integrity": "sha1-h81JH5tG5OKurKM1QWdmiF0tHtk=",
      "optional": true,
      "dependencies": {
        "boom": "0.4.x",
        "cryptiles": "0.2.x",
        "hoek": "0.9.x",
        "sntp": "0.2.x"
      },
      "engines": {
        "node": ">=0.8.0"
      }
    },
    "node_modules/hoek": {
      "version": "0.9.1",
      "resolved": "http://51.68.226.69:4873/hoek/-/hoek-0.9.1.tgz",
      "integrity": "sha1-PTIkYrrfB3Fup+uFuviAec3c5QU=",
      "deprecated": "The major version is no longer supported. Please update to 4.x or newer",
      "optional": true,
      "engines": {
        "node": ">=0.8.0"
      }
    },
    "node_modules/http-signature": {
      "version": "0.10.1",
      "resolved": "http://51.68.226.69:4873/http-signature/-/http-signature-0.10.1.tgz",
      "integrity": "sha1-T72sEyVZqoMjEh5UB3nAoBKyfmY=",
      "license": "MIT",
      "optional": true,
      "dependencies": {
        "asn1": "0.1.11",
        "assert-plus": "^0.1.5",
        "ctype": "0.5.3"
      },
      "engines": {
        "node": ">=0.8"
      }
    },
    "node_modules/json-stringify-safe": {
      "version": "5.0.1",
      "resolved": "http://51.68.226.69:4873/json-stringify-safe/-/json-stringify-safe-5.0.1.tgz",
      "integrity": "sha1-Epai1Y/UXxmg9s4B1lcB4sc1tus=",
      "license": "ISC"
    },
    "node_modules/lru-cache": {
      "version": "2.5.2",
      "resolved": "http://51.68.226.69:4873/lru-cache/-/lru-cache-2.5.2.tgz",
      "integrity": "sha1-H92tk4quEmPOE4aAvhs/WRwKtBw=",
      "license": "MIT"
    },
    "node_modules/mime": {
      "version": "1.2.11",
      "resolved": "http://51.68.226.69:4873/mime/-/mime-1.2.11.tgz",
      "integrity": "sha1-WCA+7Ybjpe8XrtK32evUfwpg3RA=",
      "optional": true
    },
    "node_modules/mime-types": {
      "version": "1.0.2",
      "resolved": "http://51.68.226.69:4873/mime-types/-/mime-types-1.0.2.tgz",
      "integrity": "sha1-mVrhOSq4r/y/yyZB3QVOlDwNXc4=",
      "license": "MIT",
      "engines": {
        "node": ">= 0.8.0"
      }
    },
    "node_modules/node-uuid": {
      "version": "1.4.8",
      "resolved": "http://51.68.226.69:4873/node-uuid/-/node-uuid-1.4.8.tgz",
      "integrity": "sha1-sEDrCSOWivq/jTL7HxfxFn/auQc=",
      "deprecated": "Use uuid module instead",
      "bin": {
        "uuid": "bin/uuid"
      }
    },
    "node_modules/oauth-sign": {
      "version": "0.3.0",
      "resolved": "http://51.68.226.69:4873/oauth-sign/-/oauth-sign-0.3.0.tgz",
      "integrity": "sha1-y1QPk7srIqfVlBaRoojWDo6pOG4=",
      "optional": true,
      "engines": {
        "node": "*"
      }
    },
    "node_modules/psl": {
      "version": "1.9.0",
      "resolved": "http://51.68.226.69:4873/psl/-/psl-1.9.0.tgz",
      "integrity": "sha512-E/ZsdU4HLs/68gYzgGTkMicWTLPdAftJLfJFlLUAAKZGkStNU72sZjT66SnMDVOfOWY/YAoiD7Jxa9iHvngcag==",
      "license": "MIT",
      "optional": true
    },
    "node_modules/public-address": {
      "version": "0.1.2",
      "resolved": "http://51.68.226.69:4873/public-address/-/public-address-0.1.2.tgz",
      "integrity": "sha512-UuNkKRwenn0kQvTCU8LIz3pUslFTbN2FrtKYWiKUOU7Qqxw0Vf879YY2Qc5Ne6JGWi9+lOcW83fdYs8wblh0iQ==",
      "license": "MIT"
    },
    "node_modules/punycode": {
      "version": "2.1.1",
      "resolved": "http://51.68.226.69:4873/punycode/-/punycode-2.1.1.tgz",
      "integrity": "sha512-XRsRjdf+j5ml+y/6GKHPZbrF/8p2Yga0JPtdqTIY2Xe5ohJPD9saDJJLPvp9+NSBprVvevdXZybnj2cv8OEd0A==",
      "license": "MIT",
      "optional": true,
      "engines": {
        "node": ">=6"
      }
    },
    "node_modules/qs": {
      "version": "1.0.2",
      "resolved": "http://51.68.226.69:4873/qs/-/qs-1.0.2.tgz",
      "integrity": "sha1-UKk+K1r2aRwxvOpdrnjubqGQN2g="
    },
    "node_modules/querystringify": {
      "version": "2.2.0",
      "resolved": "http://51.68.226.69:4873/querystringify/-/querystringify-2.2.0.tgz",
      "integrity": "sha512-FIqgj2EUvTa7R50u0rGsyTftzjYmv/a3hO345bZNrqabNqjtgiDMgmo4mkUjd+nzU5oF3dClKqFIPUKybUyqoQ==",
      "license": "MIT",
      "optional": true
    },
    "node_modules/request": {
      "version": "2.40.0",
      "resolved": "http://51.68.226.69:4873/request/-/request-2.40.0.tgz",
      "integrity": "sha1-TdZw9pbx5uhC5mtLXoOTAaub62c=",
      "engines": [
        "node >= 0.8.0"
      ],
      "license": "Apache-2.0",
      "dependencies": {
        "forever-agent": "~0.5.0",
        "json-stringify-safe": "~5.0.0",
        "mime-types": "~1.0.1",
        "node-uuid": "~1.4.0",
        "qs": "~1.0.0"
      },
      "optionalDependencies": {
        "aws-sign2": "~0.5.0",
        "form-data": "~0.1.0",
        "hawk": "1.1.1",
        "http-signature": "~0.10.0",
        "oauth-sign": "~0.3.0",
        "stringstream": "~0.0.4",
        "tough-cookie": ">=0.12.0",
        "tunnel-agent": "~0.4.0"
      }
    },
    "node_modules/requires-port": {
      "version": "1.0.0",
      "resolved": "http://51.68.226.69:4873/requires-port/-/requires-port-1.0.0.tgz",
      "integrity": "sha1-kl0mAdOaxIXgkc8NpcbmlNw9yv8=",
      "license": "MIT",
      "optional": true
    },
    "node_modules/sntp": {
      "version": "0.2.4",
      "resolved": "http://51.68.226.69:4873/sntp/-/sntp-0.2.4.tgz",
      "integrity": "sha1-+4hfGLDzqtGJ+CSGJTa87ux1CQA=",
      "optional": true,
      "dependencies": {
        "hoek": "0.9.x"
      },
      "engines": {
        "node": ">=0.8.0"
      }
    },
    "node_modules/stringstream": {
      "version": "0.0.6",
      "resolved": "http://51.68.226.69:4873/stringstream/-/stringstream-0.0.6.tgz",
      "integrity": "sha512-87GEBAkegbBcweToUrdzf3eLhWNg06FJTebl4BVJz/JgWy8CvEr9dRtX5qWphiynMSQlxxi+QqN0z5T32SLlhA==",
      "license": "MIT",
      "optional": true
    },
    "node_modules/tokenthrottle": {
      "version": "1.1.0",
      "resolved": "http://51.68.226.69:4873/tokenthrottle/-/tokenthrottle-1.1.0.tgz",
      "integrity": "sha512-85Eabbl0CVty07xHHYZu4VvxD6UO0dUZJwJhTkbieRSrK332wFO/yY8Xnd8lrBzl/RALu5gGZfuaXBfR3GZoFw==",
      "license": "MIT",
      "dependencies": {
        "assert-plus": "~0.1.5",
        "lru-cache": "~2.5.0"
      }
    },
    "node_modules/tough-cookie": {
      "version": "4.1.2",
      "resolved": "http://51.68.226.69:4873/tough-cookie/-/tough-cookie-4.1.2.tgz",
      "integrity": "sha512-G9fqXWoYFZgTc2z8Q5zaHy/vJMjm+WV0AkAeHxVCQiEB1b+dGvWzFW6QV07cY5jQ5gRkeid2qIkzkxUnmoQZUQ==",
      "license": "BSD-3-Clause",
      "optional": true,
      "dependencies": {
        "psl": "^1.1.33",
        "punycode": "^2.1.1",
        "universalify": "^0.2.0",
        "url-parse": "^1.5.3"
      },
      "engines": {
        "node": ">=6"
      }
    },
    "node_modules/tunnel-agent": {
      "version": "0.4.3",
      "resolved": "http://51.68.226.69:4873/tunnel-agent/-/tunnel-agent-0.4.3.tgz",
      "integrity": "sha1-Y3PbdpCf5XDgjXNYM2Xtgop07us=",
      "license": "Apache-2.0",
      "optional": true,
      "engines": {
        "node": "*"
      }
    },
    "node_modules/universalify": {
      "version": "0.2.0",
      "resolved": "http://51.68.226.69:4873/universalify/-/universalify-0.2.0.tgz",
      "integrity": "sha512-CJ1QgKmNg3CwvAv/kOFmtnEN05f0D/cn9QntgNOQlQF9dgvVTHj3t+8JPdjqawCHk7V/KA+fbUqzZ9XWhcqPUg==",
      "license": "MIT",
      "optional": true,
      "engines": {
        "node": ">= 4.0.0"
      }
    },
    "node_modules/url-parse": {
      "version": "1.5.10",
      "resolved": "http://51.68.226.69:4873/url-parse/-/url-parse-1.5.10.tgz",
      "integrity": "sha512-WypcfiRhfeUP9vvF0j6rw0J3hrWrw6iZv3+22h6iRMJ/8z1Tj6XfLP4DsUix5MhMPnXpiHDoKyoZ/bdCkwBCiQ==",
      "license": "MIT",
      "optional": true,
      "dependencies": {
        "querystringify": "^2.1.1",
        "requires-port": "^1.0.0"
      }
    }
  },
  "dependencies": {
    "asn1": {
      "version": "0.1.11",
      "resolved": "http://51.68.226.69:4873/asn1/-/asn1-0.1.11.tgz",
      "integrity": "sha1-VZvhg3bQik7E2+gId9J4GGObLfc=",
      "optional": true
    },
    "assert-plus": {
      "version": "0.1.5",
      "resolved": "http://51.68.226.69:4873/assert-plus/-/assert-plus-0.1.5.tgz",
      "integrity": "sha1-7nQAlBMALYTOxyGcasgRgS5yMWA="
    },
    "async": {
      "version": "0.9.2",
      "resolved": "http://51.68.226.69:4873/async/-/async-0.9.2.tgz",
      "integrity": "sha1-rqdNXmHB+JlhO/ZL2mbUx48v0X0=",
      "optional": true
    },
    "aws-sign2": {
      "version": "0.5.0",
      "resolved": "http://51.68.226.69:4873/aws-sign2/-/aws-sign2-0.5.0.tgz",
      "integrity": "sha1-xXED96F/wDfwLXwuZLYC6iI/fWM=",
      "optional": true
    },
    "boom": {
      "version": "0.4.2",
      "resolved": "http://51.68.226.69:4873/boom/-/boom-0.4.2.tgz",
      "integrity": "sha1-emNune1O/O+xnO9JR6PGffrukRs=",
      "optional": true,
      "requires": {
        "hoek": "0.9.x"
      }
    },
    "combined-stream": {
      "version": "0.0.7",
      "resolved": "http://51.68.226.69:4873/combined-stream/-/combined-stream-0.0.7.tgz",
      "integrity": "sha1-ATfmV7qlp1QcV6w3rF/AfXO03B8=",
      "optional": true,
      "requires": {
        "delayed-stream": "0.0.5"
      }
    },
    "cryptiles": {
      "version": "0.2.2",
      "resolved": "http://51.68.226.69:4873/cryptiles/-/cryptiles-0.2.2.tgz",
      "integrity": "sha1-7ZH/HxetE9N0gohZT4pIoNJvMlw=",
      "optional": true,
      "requires": {
        "boom": "0.4.x"
      }
    },
    "ctype": {
      "version": "0.5.3",
      "resolved": "http://51.68.226.69:4873/ctype/-/ctype-0.5.3.tgz",
      "integrity": "sha1-gsGMJGH3QRTvFsE1IkrQuRRMoS8=",
      "optional": true
    },
    "delayed-stream": {
      "version": "0.0.5",
      "resolved": "http://51.68.226.69:4873/delayed-stream/-/delayed-stream-0.0.5.tgz",
      "integrity": "sha1-1LH0OpPoKW3+AmlPRoC8N6MTxz8=",
      "optional": true
    },
    "forever-agent": {
      "version": "0.5.2",
      "resolved": "http://51.68.226.69:4873/forever-agent/-/forever-agent-0.5.2.tgz",
      "integrity": "sha1-bQ4JxJIflKJ/Y9O0nF/v8epMUTA="
    },
    "form-data": {
      "version": "0.1.4",
      "resolved": "http://51.68.226.69:4873/form-data/-/form-data-0.1.4.tgz",
      "integrity": "sha1-kavXiKupcCsaq/qLwBAxoqyeOxI=",
      "optional": true,
      "requires": {
        "async": "~0.9.0",
        "combined-stream": "~0.0.4",
        "mime": "~1.2.11"
      }
    },
    "hawk": {
      "version": "1.1.1",
      "resolved": "http://51.68.226.69:4873/hawk/-/hawk-1.1.1.tgz",
      "integrity": "sha1-h81JH5tG5OKurKM1QWdmiF0tHtk=",
      "optional": true,
      "requires": {
        "boom": "0.4.x",
        "cryptiles": "0.2.x",
        "hoek": "0.9.x",
        "sntp": "0.2.x"
      }
    },
    "hoek": {
      "version": "0.9.1",
      "resolved": "http://51.68.226.69:4873/hoek/-/hoek-0.9.1.tgz",
      "integrity": "sha1-PTIkYrrfB3Fup+uFuviAec3c5QU=",
      "optional": true
    },
    "http-signature": {
      "version": "0.10.1",
      "resolved": "http://51.68.226.69:4873/http-signature/-/http-signature-0.10.1.tgz",
      "integrity": "sha1-T72sEyVZqoMjEh5UB3nAoBKyfmY=",
      "optional": true,
      "requires": {
        "asn1": "0.1.11",
        "assert-plus": "^0.1.5",
        "ctype": "0.5.3"
      }
    },
    "json-stringify-safe": {
      "version": "5.0.1",
      "resolved": "http://51.68.226.69:4873/json-stringify-safe/-/json-stringify-safe-5.0.1.tgz",
      "integrity": "sha1-Epai1Y/UXxmg9s4B1lcB4sc1tus="
    },
    "lru-cache": {
      "version": "2.5.2",
      "resolved": "http://51.68.226.69:4873/lru-cache/-/lru-cache-2.5.2.tgz",
      "integrity": "sha1-H92tk4quEmPOE4aAvhs/WRwKtBw="
    },
    "mime": {
      "version": "1.2.11",
      "resolved": "http://51.68.226.69:4873/mime/-/mime-1.2.11.tgz",
      "integrity": "sha1-WCA+7Ybjpe8XrtK32evUfwpg3RA=",
      "optional": true
    },
    "mime-types": {
      "version": "1.0.2",
      "resolved": "http://51.68.226.69:4873/mime-types/-/mime-types-1.0.2.tgz",
      "integrity": "sha1-mVrhOSq4r/y/yyZB3QVOlDwNXc4="
    },
    "node-uuid": {
      "version": "1.4.8",
      "resolved": "http://51.68.226.69:4873/node-uuid/-/node-uuid-1.4.8.tgz",
      "integrity": "sha1-sEDrCSOWivq/jTL7HxfxFn/auQc="
    },
    "oauth-sign": {
      "version": "0.3.0",
      "resolved": "http://51.68.226.69:4873/oauth-sign/-/oauth-sign-0.3.0.tgz",
      "integrity": "sha1-y1QPk7srIqfVlBaRoojWDo6pOG4=",
      "optional": true
    },
    "psl": {
      "version": "1.9.0",
      "resolved": "http://51.68.226.69:4873/psl/-/psl-1.9.0.tgz",
      "integrity": "sha512-E/ZsdU4HLs/68gYzgGTkMicWTLPdAftJLfJFlLUAAKZGkStNU72sZjT66SnMDVOfOWY/YAoiD7Jxa9iHvngcag==",
      "optional": true
    },
    "public-address": {
      "version": "0.1.2",
      "resolved": "http://51.68.226.69:4873/public-address/-/public-address-0.1.2.tgz",
      "integrity": "sha512-UuNkKRwenn0kQvTCU8LIz3pUslFTbN2FrtKYWiKUOU7Qqxw0Vf879YY2Qc5Ne6JGWi9+lOcW83fdYs8wblh0iQ=="
    },
    "punycode": {
      "version": "2.1.1",
      "resolved": "http://51.68.226.69:4873/punycode/-/punycode-2.1.1.tgz",
      "integrity": "sha512-XRsRjdf+j5ml+y/6GKHPZbrF/8p2Yga0JPtdqTIY2Xe5ohJPD9saDJJLPvp9+NSBprVvevdXZybnj2cv8OEd0A==",
      "optional": true
    },
    "qs": {
      "version": "1.0.2",
      "resolved": "http://51.68.226.69:4873/qs/-/qs-1.0.2.tgz",
      "integrity": "sha1-UKk+K1r2aRwxvOpdrnjubqGQN2g="
    },
    "querystringify": {
      "version": "2.2.0",
      "resolved": "http://51.68.226.69:4873/querystringify/-/querystringify-2.2.0.tgz",
      "integrity": "sha512-FIqgj2EUvTa7R50u0rGsyTftzjYmv/a3hO345bZNrqabNqjtgiDMgmo4mkUjd+nzU5oF3dClKqFIPUKybUyqoQ==",
      "optional": true
    },
    "request": {
      "version": "2.40.0",
      "resolved": "http://51.68.226.69:4873/request/-/request-2.40.0.tgz",
      "integrity": "sha1-TdZw9pbx5uhC5mtLXoOTAaub62c=",
      "requires": {
        "aws-sign2": "~0.5.0",
        "forever-agent": "~0.5.0",
        "form-data": "~0.1.0",
        "hawk": "1.1.1",
        "http-signature": "~0.10.0",
        "json-stringify-safe": "~5.0.0",
        "mime-types": "~1.0.1",
        "node-uuid": "~1.4.0",
        "oauth-sign": "~0.3.0",
        "qs": "~1.0.0",
        "stringstream": "~0.0.4",
        "tough-cookie": ">=0.12.0",
        "tunnel-agent": "~0.4.0"
      }
    },
    "requires-port": {
      "version": "1.0.0",
      "resolved": "http://51.68.226.69:4873/requires-port/-/requires-port-1.0.0.tgz",
      "integrity": "sha1-kl0mAdOaxIXgkc8NpcbmlNw9yv8=",
      "optional": true
    },
    "sntp": {
      "version": "0.2.4",
      "resolved": "http://51.68.226.69:4873/sntp/-/sntp-0.2.4.tgz",
      "integrity": "sha1-+4hfGLDzqtGJ+CSGJTa87ux1CQA=",
      "optional": true,
      "requires": {
        "hoek": "0.9.x"
      }
    },
    "stringstream": {
      "version": "0.0.6",
      "resolved": "http://51.68.226.69:4873/stringstream/-/stringstream-0.0.6.tgz",
      "integrity": "sha512-87GEBAkegbBcweToUrdzf3eLhWNg06FJTebl4BVJz/JgWy8CvEr9dRtX5qWphiynMSQlxxi+QqN0z5T32SLlhA==",
      "optional": true
    },
    "tokenthrottle": {
      "version": "1.1.0",
      "resolved": "http://51.68.226.69:4873/tokenthrottle/-/tokenthrottle-1.1.0.tgz",
      "integrity": "sha512-85Eabbl0CVty07xHHYZu4VvxD6UO0dUZJwJhTkbieRSrK332wFO/yY8Xnd8lrBzl/RALu5gGZfuaXBfR3GZoFw==",
      "requires": {
        "assert-plus": "~0.1.5",
        "lru-cache": "~2.5.0"
      }
    },
    "tough-cookie": {
      "version": "4.1.2",
      "resolved": "http://51.68.226.69:4873/tough-cookie/-/tough-cookie-4.1.2.tgz",
      "integrity": "sha512-G9fqXWoYFZgTc2z8Q5zaHy/vJMjm+WV0AkAeHxVCQiEB1b+dGvWzFW6QV07cY5jQ5gRkeid2qIkzkxUnmoQZUQ==",
      "optional": true,
      "requires": {
        "psl": "^1.1.33",
        "punycode": "^2.1.1",
        "universalify": "^0.2.0",
        "url-parse": "^1.5.3"
      }
    },
    "tunnel-agent": {
      "version": "0.4.3",
      "resolved": "http://51.68.226.69:4873/tunnel-agent/-/tunnel-agent-0.4.3.tgz",
      "integrity": "sha1-Y3PbdpCf5XDgjXNYM2Xtgop07us=",
      "optional": true
    },
    "universalify": {
      "version": "0.2.0",
      "resolved": "http://51.68.226.69:4873/universalify/-/universalify-0.2.0.tgz",
      "integrity": "sha512-CJ1QgKmNg3CwvAv/kOFmtnEN05f0D/cn9QntgNOQlQF9dgvVTHj3t+8JPdjqawCHk7V/KA+fbUqzZ9XWhcqPUg==",
      "optional": true
    },
    "url-parse": {
      "version": "1.5.10",
      "resolved": "http://51.68.226.69:4873/url-parse/-/url-parse-1.5.10.tgz",
      "integrity": "sha512-WypcfiRhfeUP9vvF0j6rw0J3hrWrw6iZv3+22h6iRMJ/8z1Tj6XfLP4DsUix5MhMPnXpiHDoKyoZ/bdCkwBCiQ==",
      "optional": true,
      "requires": {
        "querystringify": "^2.1.1",
        "requires-port": "^1.0.0"
      }
    }
  }
}
